// !$*UTF8*$!
{
	archiveVersion = 1;
	classes = {
	};
	objectVersion = 51;
	objects = {

/* Begin PBXBuildFile section */
		8F74564022E1B050003B9C1D /* AppDelegate.swift in Sources */ = {isa = PBXBuildFile; fileRef = 8F74563F22E1B050003B9C1D /* AppDelegate.swift */; };
		8F74564722E1B051003B9C1D /* Assets.xcassets in Resources */ = {isa = PBXBuildFile; fileRef = 8F74564622E1B051003B9C1D /* Assets.xcassets */; };
		8F74564A22E1B051003B9C1D /* LaunchScreen.storyboard in Resources */ = {isa = PBXBuildFile; fileRef = 8F74564822E1B051003B9C1D /* LaunchScreen.storyboard */; };
		8F8E659C22E24BA200881D5C /* atter_logic.framework in Frameworks */ = {isa = PBXBuildFile; fileRef = 8F8E659B22E24BA100881D5C /* atter_logic.framework */; };
		8F8E659D22E24BA200881D5C /* atter_logic.framework in Embed Frameworks */ = {isa = PBXBuildFile; fileRef = 8F8E659B22E24BA100881D5C /* atter_logic.framework */; settings = {ATTRIBUTES = (CodeSignOnCopy, RemoveHeadersOnCopy, ); }; };
		8F8E65A622E24F3600881D5C /* EventEditPresenter.swift in Sources */ = {isa = PBXBuildFile; fileRef = 8F8E65A122E24F3600881D5C /* EventEditPresenter.swift */; };
		8F8E65A722E24F3600881D5C /* EventEditRouter.swift in Sources */ = {isa = PBXBuildFile; fileRef = 8F8E65A222E24F3600881D5C /* EventEditRouter.swift */; };
		8F8E65A822E24F3600881D5C /* EventEditViewController.swift in Sources */ = {isa = PBXBuildFile; fileRef = 8F8E65A322E24F3600881D5C /* EventEditViewController.swift */; };
		8F8E65A922E24F3600881D5C /* EventEditViewModel.swift in Sources */ = {isa = PBXBuildFile; fileRef = 8F8E65A422E24F3600881D5C /* EventEditViewModel.swift */; };
		8F8E65AA22E24F3600881D5C /* EventEditConfigurator.swift in Sources */ = {isa = PBXBuildFile; fileRef = 8F8E65A522E24F3600881D5C /* EventEditConfigurator.swift */; };
		8F8E65AC22E24F4300881D5C /* EventEdit.storyboard in Resources */ = {isa = PBXBuildFile; fileRef = 8F8E65AB22E24F4300881D5C /* EventEdit.storyboard */; };
		8FD7C8E522E21B050019B532 /* AtterTabBarRouter.swift in Sources */ = {isa = PBXBuildFile; fileRef = 8FD7C8E222E21B050019B532 /* AtterTabBarRouter.swift */; };
		8FD7C8E622E21B050019B532 /* AtterTabBarViewController.swift in Sources */ = {isa = PBXBuildFile; fileRef = 8FD7C8E322E21B050019B532 /* AtterTabBarViewController.swift */; };
		8FD7C8E722E21B050019B532 /* AtterTabBarConfigurator.swift in Sources */ = {isa = PBXBuildFile; fileRef = 8FD7C8E422E21B050019B532 /* AtterTabBarConfigurator.swift */; };
		8FD7C8EB22E21C880019B532 /* R.generated.swift in Sources */ = {isa = PBXBuildFile; fileRef = 8FD7C8EA22E21C880019B532 /* R.generated.swift */; };
		8FD7C8EE22E21D080019B532 /* RootRouter.swift in Sources */ = {isa = PBXBuildFile; fileRef = 8FD7C8ED22E21D080019B532 /* RootRouter.swift */; };
		8FD7C8F322E21FFD0019B532 /* EventListRouter.swift in Sources */ = {isa = PBXBuildFile; fileRef = 8FD7C8F022E21FFD0019B532 /* EventListRouter.swift */; };
		8FD7C8F422E21FFD0019B532 /* EventListViewController.swift in Sources */ = {isa = PBXBuildFile; fileRef = 8FD7C8F122E21FFD0019B532 /* EventListViewController.swift */; };
		8FD7C8F522E21FFD0019B532 /* EventListConfigurator.swift in Sources */ = {isa = PBXBuildFile; fileRef = 8FD7C8F222E21FFD0019B532 /* EventListConfigurator.swift */; };
		8FD7C8F722E220060019B532 /* EventList.storyboard in Resources */ = {isa = PBXBuildFile; fileRef = 8FD7C8F622E220060019B532 /* EventList.storyboard */; };
		8FD7C8F922E2220E0019B532 /* EventListPresenter.swift in Sources */ = {isa = PBXBuildFile; fileRef = 8FD7C8F822E2220E0019B532 /* EventListPresenter.swift */; };
		8FD7C8FB22E2221A0019B532 /* EventListViewModel.swift in Sources */ = {isa = PBXBuildFile; fileRef = 8FD7C8FA22E2221A0019B532 /* EventListViewModel.swift */; };
		8FD7C8FF22E22F290019B532 /* EventCell.swift in Sources */ = {isa = PBXBuildFile; fileRef = 8FD7C8FD22E22F290019B532 /* EventCell.swift */; };
		8FD7C90022E22F290019B532 /* EventCell.xib in Resources */ = {isa = PBXBuildFile; fileRef = 8FD7C8FE22E22F290019B532 /* EventCell.xib */; };
		8FD7C90222E233F00019B532 /* ViewModel.swift in Sources */ = {isa = PBXBuildFile; fileRef = 8FD7C90122E233F00019B532 /* ViewModel.swift */; };
		E314BD30BBAF1CE6474593C7 /* Pods_Atter.framework in Frameworks */ = {isa = PBXBuildFile; fileRef = 1A3B08D871FB59595CB29583 /* Pods_Atter.framework */; };
/* End PBXBuildFile section */

/* Begin PBXCopyFilesBuildPhase section */
		8F8E659E22E24BA200881D5C /* Embed Frameworks */ = {
			isa = PBXCopyFilesBuildPhase;
			buildActionMask = 2147483647;
			dstPath = "";
			dstSubfolderSpec = 10;
			files = (
				8F8E659D22E24BA200881D5C /* atter_logic.framework in Embed Frameworks */,
			);
			name = "Embed Frameworks";
			runOnlyForDeploymentPostprocessing = 0;
		};
/* End PBXCopyFilesBuildPhase section */

/* Begin PBXFileReference section */
		1A3B08D871FB59595CB29583 /* Pods_Atter.framework */ = {isa = PBXFileReference; explicitFileType = wrapper.framework; includeInIndex = 0; path = Pods_Atter.framework; sourceTree = BUILT_PRODUCTS_DIR; };
		7D02AB8ECD98F92E430A8B34 /* Pods-Atter.release.xcconfig */ = {isa = PBXFileReference; includeInIndex = 1; lastKnownFileType = text.xcconfig; name = "Pods-Atter.release.xcconfig"; path = "Target Support Files/Pods-Atter/Pods-Atter.release.xcconfig"; sourceTree = "<group>"; };
		8F74563C22E1B050003B9C1D /* Atter.app */ = {isa = PBXFileReference; explicitFileType = wrapper.application; includeInIndex = 0; path = Atter.app; sourceTree = BUILT_PRODUCTS_DIR; };
		8F74563F22E1B050003B9C1D /* AppDelegate.swift */ = {isa = PBXFileReference; lastKnownFileType = sourcecode.swift; path = AppDelegate.swift; sourceTree = "<group>"; };
		8F74564622E1B051003B9C1D /* Assets.xcassets */ = {isa = PBXFileReference; lastKnownFileType = folder.assetcatalog; path = Assets.xcassets; sourceTree = "<group>"; };
		8F74564922E1B051003B9C1D /* Base */ = {isa = PBXFileReference; lastKnownFileType = file.storyboard; name = Base; path = Base.lproj/LaunchScreen.storyboard; sourceTree = "<group>"; };
		8F74564B22E1B051003B9C1D /* Info.plist */ = {isa = PBXFileReference; lastKnownFileType = text.plist.xml; path = Info.plist; sourceTree = "<group>"; };
		8F8E659B22E24BA100881D5C /* atter_logic.framework */ = {isa = PBXFileReference; lastKnownFileType = wrapper.framework; name = atter_logic.framework; path = "atter-logic/atter-logic/build/xcode-frameworks/atter_logic.framework"; sourceTree = "<group>"; };
		8F8E65A122E24F3600881D5C /* EventEditPresenter.swift */ = {isa = PBXFileReference; lastKnownFileType = sourcecode.swift; path = EventEditPresenter.swift; sourceTree = "<group>"; };
		8F8E65A222E24F3600881D5C /* EventEditRouter.swift */ = {isa = PBXFileReference; lastKnownFileType = sourcecode.swift; path = EventEditRouter.swift; sourceTree = "<group>"; };
		8F8E65A322E24F3600881D5C /* EventEditViewController.swift */ = {isa = PBXFileReference; lastKnownFileType = sourcecode.swift; path = EventEditViewController.swift; sourceTree = "<group>"; };
		8F8E65A422E24F3600881D5C /* EventEditViewModel.swift */ = {isa = PBXFileReference; lastKnownFileType = sourcecode.swift; path = EventEditViewModel.swift; sourceTree = "<group>"; };
		8F8E65A522E24F3600881D5C /* EventEditConfigurator.swift */ = {isa = PBXFileReference; lastKnownFileType = sourcecode.swift; path = EventEditConfigurator.swift; sourceTree = "<group>"; };
		8F8E65AB22E24F4300881D5C /* EventEdit.storyboard */ = {isa = PBXFileReference; lastKnownFileType = file.storyboard; path = EventEdit.storyboard; sourceTree = "<group>"; };
		8FD7C8E222E21B050019B532 /* AtterTabBarRouter.swift */ = {isa = PBXFileReference; lastKnownFileType = sourcecode.swift; path = AtterTabBarRouter.swift; sourceTree = "<group>"; };
		8FD7C8E322E21B050019B532 /* AtterTabBarViewController.swift */ = {isa = PBXFileReference; lastKnownFileType = sourcecode.swift; path = AtterTabBarViewController.swift; sourceTree = "<group>"; };
		8FD7C8E422E21B050019B532 /* AtterTabBarConfigurator.swift */ = {isa = PBXFileReference; lastKnownFileType = sourcecode.swift; path = AtterTabBarConfigurator.swift; sourceTree = "<group>"; };
		8FD7C8EA22E21C880019B532 /* R.generated.swift */ = {isa = PBXFileReference; fileEncoding = 4; lastKnownFileType = sourcecode.swift; name = R.generated.swift; path = Generated/R.generated.swift; sourceTree = SOURCE_ROOT; };
		8FD7C8ED22E21D080019B532 /* RootRouter.swift */ = {isa = PBXFileReference; lastKnownFileType = sourcecode.swift; path = RootRouter.swift; sourceTree = "<group>"; };
		8FD7C8F022E21FFD0019B532 /* EventListRouter.swift */ = {isa = PBXFileReference; lastKnownFileType = sourcecode.swift; path = EventListRouter.swift; sourceTree = "<group>"; };
		8FD7C8F122E21FFD0019B532 /* EventListViewController.swift */ = {isa = PBXFileReference; lastKnownFileType = sourcecode.swift; path = EventListViewController.swift; sourceTree = "<group>"; };
		8FD7C8F222E21FFD0019B532 /* EventListConfigurator.swift */ = {isa = PBXFileReference; lastKnownFileType = sourcecode.swift; path = EventListConfigurator.swift; sourceTree = "<group>"; };
		8FD7C8F622E220060019B532 /* EventList.storyboard */ = {isa = PBXFileReference; lastKnownFileType = file.storyboard; path = EventList.storyboard; sourceTree = "<group>"; };
		8FD7C8F822E2220E0019B532 /* EventListPresenter.swift */ = {isa = PBXFileReference; lastKnownFileType = sourcecode.swift; path = EventListPresenter.swift; sourceTree = "<group>"; };
		8FD7C8FA22E2221A0019B532 /* EventListViewModel.swift */ = {isa = PBXFileReference; lastKnownFileType = sourcecode.swift; path = EventListViewModel.swift; sourceTree = "<group>"; };
		8FD7C8FD22E22F290019B532 /* EventCell.swift */ = {isa = PBXFileReference; lastKnownFileType = sourcecode.swift; path = EventCell.swift; sourceTree = "<group>"; };
		8FD7C8FE22E22F290019B532 /* EventCell.xib */ = {isa = PBXFileReference; lastKnownFileType = file.xib; path = EventCell.xib; sourceTree = "<group>"; };
		8FD7C90122E233F00019B532 /* ViewModel.swift */ = {isa = PBXFileReference; lastKnownFileType = sourcecode.swift; path = ViewModel.swift; sourceTree = "<group>"; };
		984D26E540D2C3B37C439E9A /* Pods-Atter.debug.xcconfig */ = {isa = PBXFileReference; includeInIndex = 1; lastKnownFileType = text.xcconfig; name = "Pods-Atter.debug.xcconfig"; path = "Target Support Files/Pods-Atter/Pods-Atter.debug.xcconfig"; sourceTree = "<group>"; };
/* End PBXFileReference section */

/* Begin PBXFrameworksBuildPhase section */
		8F74563922E1B050003B9C1D /* Frameworks */ = {
			isa = PBXFrameworksBuildPhase;
			buildActionMask = 2147483647;
			files = (
				8F8E659C22E24BA200881D5C /* atter_logic.framework in Frameworks */,
				E314BD30BBAF1CE6474593C7 /* Pods_Atter.framework in Frameworks */,
			);
			runOnlyForDeploymentPostprocessing = 0;
		};
/* End PBXFrameworksBuildPhase section */

/* Begin PBXGroup section */
		05A2C2869DB0ADC05ABE9CAF /* Pods */ = {
			isa = PBXGroup;
			children = (
				984D26E540D2C3B37C439E9A /* Pods-Atter.debug.xcconfig */,
				7D02AB8ECD98F92E430A8B34 /* Pods-Atter.release.xcconfig */,
			);
			path = Pods;
			sourceTree = "<group>";
		};
		125C10387B563183E351C398 /* Frameworks */ = {
			isa = PBXGroup;
			children = (
				1A3B08D871FB59595CB29583 /* Pods_Atter.framework */,
			);
			name = Frameworks;
			sourceTree = "<group>";
		};
		8F74563322E1B050003B9C1D = {
			isa = PBXGroup;
			children = (
				8F8E659B22E24BA100881D5C /* atter_logic.framework */,
				8F74563E22E1B050003B9C1D /* Atter */,
				8F74563D22E1B050003B9C1D /* Products */,
				05A2C2869DB0ADC05ABE9CAF /* Pods */,
				125C10387B563183E351C398 /* Frameworks */,
			);
			sourceTree = "<group>";
		};
		8F74563D22E1B050003B9C1D /* Products */ = {
			isa = PBXGroup;
			children = (
				8F74563C22E1B050003B9C1D /* Atter.app */,
			);
			name = Products;
			sourceTree = "<group>";
		};
		8F74563E22E1B050003B9C1D /* Atter */ = {
			isa = PBXGroup;
			children = (
				8F8E65A022E24F2500881D5C /* Event Edit */,
				8FD7C8EF22E21FEE0019B532 /* Event List */,
				8FD7C8EC22E21CE40019B532 /* Root */,
				8FD7C8E922E21C380019B532 /* Generated */,
				8FD7C8D322E21A980019B532 /* Tab Bar */,
				8F74565622E1B1A4003B9C1D /* Shared */,
				8F74565522E1B19C003B9C1D /* Supporting Files */,
				8F74565422E1B191003B9C1D /* Resources */,
			);
			path = Atter;
			sourceTree = "<group>";
		};
		8F74565422E1B191003B9C1D /* Resources */ = {
			isa = PBXGroup;
			children = (
				8F74564622E1B051003B9C1D /* Assets.xcassets */,
				8F74564822E1B051003B9C1D /* LaunchScreen.storyboard */,
			);
			path = Resources;
			sourceTree = "<group>";
		};
		8F74565522E1B19C003B9C1D /* Supporting Files */ = {
			isa = PBXGroup;
			children = (
				8F74564B22E1B051003B9C1D /* Info.plist */,
			);
			path = "Supporting Files";
			sourceTree = "<group>";
		};
		8F74565622E1B1A4003B9C1D /* Shared */ = {
			isa = PBXGroup;
			children = (
				8F74565722E1B1AA003B9C1D /* Delegates */,
				8FD7C90122E233F00019B532 /* ViewModel.swift */,
			);
			path = Shared;
			sourceTree = "<group>";
		};
		8F74565722E1B1AA003B9C1D /* Delegates */ = {
			isa = PBXGroup;
			children = (
				8F74563F22E1B050003B9C1D /* AppDelegate.swift */,
			);
			path = Delegates;
			sourceTree = "<group>";
		};
		8F8E65A022E24F2500881D5C /* Event Edit */ = {
			isa = PBXGroup;
			children = (
				8F8E65A122E24F3600881D5C /* EventEditPresenter.swift */,
				8F8E65A222E24F3600881D5C /* EventEditRouter.swift */,
				8F8E65A322E24F3600881D5C /* EventEditViewController.swift */,
				8F8E65A422E24F3600881D5C /* EventEditViewModel.swift */,
				8F8E65A522E24F3600881D5C /* EventEditConfigurator.swift */,
				8F8E65AB22E24F4300881D5C /* EventEdit.storyboard */,
			);
			path = "Event Edit";
			sourceTree = "<group>";
		};
		8FD7C8D322E21A980019B532 /* Tab Bar */ = {
			isa = PBXGroup;
			children = (
				8FD7C8E222E21B050019B532 /* AtterTabBarRouter.swift */,
				8FD7C8E322E21B050019B532 /* AtterTabBarViewController.swift */,
				8FD7C8E422E21B050019B532 /* AtterTabBarConfigurator.swift */,
			);
			path = "Tab Bar";
			sourceTree = "<group>";
		};
		8FD7C8E922E21C380019B532 /* Generated */ = {
			isa = PBXGroup;
			children = (
				8FD7C8EA22E21C880019B532 /* R.generated.swift */,
			);
			path = Generated;
			sourceTree = "<group>";
		};
		8FD7C8EC22E21CE40019B532 /* Root */ = {
			isa = PBXGroup;
			children = (
				8FD7C8ED22E21D080019B532 /* RootRouter.swift */,
			);
			path = Root;
			sourceTree = "<group>";
		};
		8FD7C8EF22E21FEE0019B532 /* Event List */ = {
			isa = PBXGroup;
			children = (
				8FD7C8FC22E22F140019B532 /* Cell */,
				8FD7C8F022E21FFD0019B532 /* EventListRouter.swift */,
				8FD7C8F122E21FFD0019B532 /* EventListViewController.swift */,
				8FD7C8F222E21FFD0019B532 /* EventListConfigurator.swift */,
				8FD7C8F622E220060019B532 /* EventList.storyboard */,
				8FD7C8F822E2220E0019B532 /* EventListPresenter.swift */,
				8FD7C8FA22E2221A0019B532 /* EventListViewModel.swift */,
			);
			path = "Event List";
			sourceTree = "<group>";
		};
		8FD7C8FC22E22F140019B532 /* Cell */ = {
			isa = PBXGroup;
			children = (
				8FD7C8FD22E22F290019B532 /* EventCell.swift */,
				8FD7C8FE22E22F290019B532 /* EventCell.xib */,
			);
			path = Cell;
			sourceTree = "<group>";
		};
/* End PBXGroup section */

/* Begin PBXNativeTarget section */
		8F74563B22E1B050003B9C1D /* Atter */ = {
			isa = PBXNativeTarget;
			buildConfigurationList = 8F74564E22E1B051003B9C1D /* Build configuration list for PBXNativeTarget "Atter" */;
			buildPhases = (
				870EFA60EB091353C50386AF /* [CP] Check Pods Manifest.lock */,
				8F8E659F22E24BC900881D5C /* Run gradlew */,
				8FD7C8E822E21C060019B532 /* Run R.swift */,
				8F74563822E1B050003B9C1D /* Sources */,
				8F74563922E1B050003B9C1D /* Frameworks */,
				8F74563A22E1B050003B9C1D /* Resources */,
				8F74565322E1B14D003B9C1D /* Run SwiftLint */,
				CCDAAFCDA4811C812C1DC979 /* [CP] Embed Pods Frameworks */,
				8F8E659E22E24BA200881D5C /* Embed Frameworks */,
			);
			buildRules = (
			);
			dependencies = (
			);
			name = Atter;
			productName = Atter;
			productReference = 8F74563C22E1B050003B9C1D /* Atter.app */;
			productType = "com.apple.product-type.application";
		};
/* End PBXNativeTarget section */

/* Begin PBXProject section */
		8F74563422E1B050003B9C1D /* Project object */ = {
			isa = PBXProject;
			attributes = {
				LastSwiftUpdateCheck = 1020;
				LastUpgradeCheck = 1020;
				ORGANIZATIONNAME = "Patryk Mieszała";
				TargetAttributes = {
					8F74563B22E1B050003B9C1D = {
						CreatedOnToolsVersion = 10.2.1;
					};
				};
			};
			buildConfigurationList = 8F74563722E1B050003B9C1D /* Build configuration list for PBXProject "Atter" */;
			compatibilityVersion = "Xcode 9.3";
			developmentRegion = en;
			hasScannedForEncodings = 0;
			knownRegions = (
				en,
				Base,
			);
			mainGroup = 8F74563322E1B050003B9C1D;
			productRefGroup = 8F74563D22E1B050003B9C1D /* Products */;
			projectDirPath = "";
			projectRoot = "";
			targets = (
				8F74563B22E1B050003B9C1D /* Atter */,
			);
		};
/* End PBXProject section */

/* Begin PBXResourcesBuildPhase section */
		8F74563A22E1B050003B9C1D /* Resources */ = {
			isa = PBXResourcesBuildPhase;
			buildActionMask = 2147483647;
			files = (
				8FD7C90022E22F290019B532 /* EventCell.xib in Resources */,
				8F74564A22E1B051003B9C1D /* LaunchScreen.storyboard in Resources */,
				8FD7C8F722E220060019B532 /* EventList.storyboard in Resources */,
				8F8E65AC22E24F4300881D5C /* EventEdit.storyboard in Resources */,
				8F74564722E1B051003B9C1D /* Assets.xcassets in Resources */,
			);
			runOnlyForDeploymentPostprocessing = 0;
		};
/* End PBXResourcesBuildPhase section */

/* Begin PBXShellScriptBuildPhase section */
		870EFA60EB091353C50386AF /* [CP] Check Pods Manifest.lock */ = {
			isa = PBXShellScriptBuildPhase;
			buildActionMask = 2147483647;
			files = (
			);
			inputFileListPaths = (
			);
			inputPaths = (
				"${PODS_PODFILE_DIR_PATH}/Podfile.lock",
				"${PODS_ROOT}/Manifest.lock",
			);
			name = "[CP] Check Pods Manifest.lock";
			outputFileListPaths = (
			);
			outputPaths = (
				"$(DERIVED_FILE_DIR)/Pods-Atter-checkManifestLockResult.txt",
			);
			runOnlyForDeploymentPostprocessing = 0;
			shellPath = /bin/sh;
			shellScript = "diff \"${PODS_PODFILE_DIR_PATH}/Podfile.lock\" \"${PODS_ROOT}/Manifest.lock\" > /dev/null\nif [ $? != 0 ] ; then\n    # print error to STDERR\n    echo \"error: The sandbox is not in sync with the Podfile.lock. Run 'pod install' or update your CocoaPods installation.\" >&2\n    exit 1\nfi\n# This output is used by Xcode 'outputs' to avoid re-running this script phase.\necho \"SUCCESS\" > \"${SCRIPT_OUTPUT_FILE_0}\"\n";
			showEnvVarsInLog = 0;
		};
		8F74565322E1B14D003B9C1D /* Run SwiftLint */ = {
			isa = PBXShellScriptBuildPhase;
			buildActionMask = 2147483647;
			files = (
			);
			inputFileListPaths = (
			);
			inputPaths = (
			);
			name = "Run SwiftLint";
			outputFileListPaths = (
			);
			outputPaths = (
			);
			runOnlyForDeploymentPostprocessing = 0;
			shellPath = /bin/sh;
			shellScript = "${PODS_ROOT}/SwiftLint/swiftlint\n";
		};
		8F8E659F22E24BC900881D5C /* Run gradlew */ = {
			isa = PBXShellScriptBuildPhase;
			buildActionMask = 2147483647;
			files = (
			);
			inputFileListPaths = (
			);
			inputPaths = (
			);
			name = "Run gradlew";
			outputFileListPaths = (
			);
			outputPaths = (
			);
			runOnlyForDeploymentPostprocessing = 0;
			shellPath = /bin/sh;
			shellScript = "cd \"$SRCROOT/atter-logic/atter-logic/build/xcode-frameworks\"\n./gradlew :atter-logic:packForXCode -PXCODE_CONFIGURATION=${CONFIGURATION}\n";
		};
		8FD7C8E822E21C060019B532 /* Run R.swift */ = {
			isa = PBXShellScriptBuildPhase;
			buildActionMask = 2147483647;
			files = (
			);
			inputFileListPaths = (
			);
			inputPaths = (
				"$TEMP_DIR/rswift-lastrun",
			);
			name = "Run R.swift";
			outputFileListPaths = (
			);
			outputPaths = (
				$SRCROOT/Generated/R.generated.swift,
			);
			runOnlyForDeploymentPostprocessing = 0;
			shellPath = /bin/sh;
			shellScript = "\"$PODS_ROOT/R.swift/rswift\" generate \"$SRCROOT/Generated/R.generated.swift\"\n";
		};
		CCDAAFCDA4811C812C1DC979 /* [CP] Embed Pods Frameworks */ = {
			isa = PBXShellScriptBuildPhase;
			buildActionMask = 2147483647;
			files = (
			);
			inputFileListPaths = (
				"${PODS_ROOT}/Target Support Files/Pods-Atter/Pods-Atter-frameworks-${CONFIGURATION}-input-files.xcfilelist",
			);
			name = "[CP] Embed Pods Frameworks";
			outputFileListPaths = (
				"${PODS_ROOT}/Target Support Files/Pods-Atter/Pods-Atter-frameworks-${CONFIGURATION}-output-files.xcfilelist",
			);
			runOnlyForDeploymentPostprocessing = 0;
			shellPath = /bin/sh;
			shellScript = "\"${PODS_ROOT}/Target Support Files/Pods-Atter/Pods-Atter-frameworks.sh\"\n";
			showEnvVarsInLog = 0;
		};
/* End PBXShellScriptBuildPhase section */

/* Begin PBXSourcesBuildPhase section */
		8F74563822E1B050003B9C1D /* Sources */ = {
			isa = PBXSourcesBuildPhase;
			buildActionMask = 2147483647;
			files = (
				8F74564022E1B050003B9C1D /* AppDelegate.swift in Sources */,
				8FD7C8E622E21B050019B532 /* AtterTabBarViewController.swift in Sources */,
				8F8E65AA22E24F3600881D5C /* EventEditConfigurator.swift in Sources */,
				8F8E65A822E24F3600881D5C /* EventEditViewController.swift in Sources */,
				8FD7C8F522E21FFD0019B532 /* EventListConfigurator.swift in Sources */,
				8FD7C8EB22E21C880019B532 /* R.generated.swift in Sources */,
				8FD7C8FF22E22F290019B532 /* EventCell.swift in Sources */,
				8FD7C8E522E21B050019B532 /* AtterTabBarRouter.swift in Sources */,
				8F8E65A622E24F3600881D5C /* EventEditPresenter.swift in Sources */,
				8FD7C90222E233F00019B532 /* ViewModel.swift in Sources */,
				8F8E65A922E24F3600881D5C /* EventEditViewModel.swift in Sources */,
				8FD7C8EE22E21D080019B532 /* RootRouter.swift in Sources */,
				8FD7C8F422E21FFD0019B532 /* EventListViewController.swift in Sources */,
				8FD7C8F922E2220E0019B532 /* EventListPresenter.swift in Sources */,
				8FD7C8E722E21B050019B532 /* AtterTabBarConfigurator.swift in Sources */,
				8FD7C8F322E21FFD0019B532 /* EventListRouter.swift in Sources */,
				8F8E65A722E24F3600881D5C /* EventEditRouter.swift in Sources */,
				8FD7C8FB22E2221A0019B532 /* EventListViewModel.swift in Sources */,
			);
			runOnlyForDeploymentPostprocessing = 0;
		};
/* End PBXSourcesBuildPhase section */

/* Begin PBXVariantGroup section */
		8F74564822E1B051003B9C1D /* LaunchScreen.storyboard */ = {
			isa = PBXVariantGroup;
			children = (
				8F74564922E1B051003B9C1D /* Base */,
			);
			name = LaunchScreen.storyboard;
			sourceTree = "<group>";
		};
/* End PBXVariantGroup section */

/* Begin XCBuildConfiguration section */
		8F74564C22E1B051003B9C1D /* Debug */ = {
			isa = XCBuildConfiguration;
			buildSettings = {
				ALWAYS_SEARCH_USER_PATHS = NO;
				CLANG_ANALYZER_NONNULL = YES;
				CLANG_ANALYZER_NUMBER_OBJECT_CONVERSION = YES_AGGRESSIVE;
				CLANG_CXX_LANGUAGE_STANDARD = "gnu++14";
				CLANG_CXX_LIBRARY = "libc++";
				CLANG_ENABLE_MODULES = YES;
				CLANG_ENABLE_OBJC_ARC = YES;
				CLANG_ENABLE_OBJC_WEAK = YES;
				CLANG_WARN_BLOCK_CAPTURE_AUTORELEASING = YES;
				CLANG_WARN_BOOL_CONVERSION = YES;
				CLANG_WARN_COMMA = YES;
				CLANG_WARN_CONSTANT_CONVERSION = YES;
				CLANG_WARN_DEPRECATED_OBJC_IMPLEMENTATIONS = YES;
				CLANG_WARN_DIRECT_OBJC_ISA_USAGE = YES_ERROR;
				CLANG_WARN_DOCUMENTATION_COMMENTS = YES;
				CLANG_WARN_EMPTY_BODY = YES;
				CLANG_WARN_ENUM_CONVERSION = YES;
				CLANG_WARN_INFINITE_RECURSION = YES;
				CLANG_WARN_INT_CONVERSION = YES;
				CLANG_WARN_NON_LITERAL_NULL_CONVERSION = YES;
				CLANG_WARN_OBJC_IMPLICIT_RETAIN_SELF = YES;
				CLANG_WARN_OBJC_LITERAL_CONVERSION = YES;
				CLANG_WARN_OBJC_ROOT_CLASS = YES_ERROR;
				CLANG_WARN_RANGE_LOOP_ANALYSIS = YES;
				CLANG_WARN_STRICT_PROTOTYPES = YES;
				CLANG_WARN_SUSPICIOUS_MOVE = YES;
				CLANG_WARN_UNGUARDED_AVAILABILITY = YES_AGGRESSIVE;
				CLANG_WARN_UNREACHABLE_CODE = YES;
				CLANG_WARN__DUPLICATE_METHOD_MATCH = YES;
				CODE_SIGN_IDENTITY = "iPhone Developer";
				COPY_PHASE_STRIP = NO;
				DEBUG_INFORMATION_FORMAT = dwarf;
				ENABLE_STRICT_OBJC_MSGSEND = YES;
				ENABLE_TESTABILITY = YES;
				GCC_C_LANGUAGE_STANDARD = gnu11;
				GCC_DYNAMIC_NO_PIC = NO;
				GCC_NO_COMMON_BLOCKS = YES;
				GCC_OPTIMIZATION_LEVEL = 0;
				GCC_PREPROCESSOR_DEFINITIONS = (
					"DEBUG=1",
					"$(inherited)",
				);
				GCC_WARN_64_TO_32_BIT_CONVERSION = YES;
				GCC_WARN_ABOUT_RETURN_TYPE = YES_ERROR;
				GCC_WARN_UNDECLARED_SELECTOR = YES;
				GCC_WARN_UNINITIALIZED_AUTOS = YES_AGGRESSIVE;
				GCC_WARN_UNUSED_FUNCTION = YES;
				GCC_WARN_UNUSED_VARIABLE = YES;
				IPHONEOS_DEPLOYMENT_TARGET = 12.2;
				MTL_ENABLE_DEBUG_INFO = INCLUDE_SOURCE;
				MTL_FAST_MATH = YES;
				ONLY_ACTIVE_ARCH = YES;
				SDKROOT = iphoneos;
				SWIFT_ACTIVE_COMPILATION_CONDITIONS = DEBUG;
				SWIFT_OPTIMIZATION_LEVEL = "-Onone";
			};
			name = Debug;
		};
		8F74564D22E1B051003B9C1D /* Release */ = {
			isa = XCBuildConfiguration;
			buildSettings = {
				ALWAYS_SEARCH_USER_PATHS = NO;
				CLANG_ANALYZER_NONNULL = YES;
				CLANG_ANALYZER_NUMBER_OBJECT_CONVERSION = YES_AGGRESSIVE;
				CLANG_CXX_LANGUAGE_STANDARD = "gnu++14";
				CLANG_CXX_LIBRARY = "libc++";
				CLANG_ENABLE_MODULES = YES;
				CLANG_ENABLE_OBJC_ARC = YES;
				CLANG_ENABLE_OBJC_WEAK = YES;
				CLANG_WARN_BLOCK_CAPTURE_AUTORELEASING = YES;
				CLANG_WARN_BOOL_CONVERSION = YES;
				CLANG_WARN_COMMA = YES;
				CLANG_WARN_CONSTANT_CONVERSION = YES;
				CLANG_WARN_DEPRECATED_OBJC_IMPLEMENTATIONS = YES;
				CLANG_WARN_DIRECT_OBJC_ISA_USAGE = YES_ERROR;
				CLANG_WARN_DOCUMENTATION_COMMENTS = YES;
				CLANG_WARN_EMPTY_BODY = YES;
				CLANG_WARN_ENUM_CONVERSION = YES;
				CLANG_WARN_INFINITE_RECURSION = YES;
				CLANG_WARN_INT_CONVERSION = YES;
				CLANG_WARN_NON_LITERAL_NULL_CONVERSION = YES;
				CLANG_WARN_OBJC_IMPLICIT_RETAIN_SELF = YES;
				CLANG_WARN_OBJC_LITERAL_CONVERSION = YES;
				CLANG_WARN_OBJC_ROOT_CLASS = YES_ERROR;
				CLANG_WARN_RANGE_LOOP_ANALYSIS = YES;
				CLANG_WARN_STRICT_PROTOTYPES = YES;
				CLANG_WARN_SUSPICIOUS_MOVE = YES;
				CLANG_WARN_UNGUARDED_AVAILABILITY = YES_AGGRESSIVE;
				CLANG_WARN_UNREACHABLE_CODE = YES;
				CLANG_WARN__DUPLICATE_METHOD_MATCH = YES;
				CODE_SIGN_IDENTITY = "iPhone Developer";
				COPY_PHASE_STRIP = NO;
				DEBUG_INFORMATION_FORMAT = "dwarf-with-dsym";
				ENABLE_NS_ASSERTIONS = NO;
				ENABLE_STRICT_OBJC_MSGSEND = YES;
				GCC_C_LANGUAGE_STANDARD = gnu11;
				GCC_NO_COMMON_BLOCKS = YES;
				GCC_WARN_64_TO_32_BIT_CONVERSION = YES;
				GCC_WARN_ABOUT_RETURN_TYPE = YES_ERROR;
				GCC_WARN_UNDECLARED_SELECTOR = YES;
				GCC_WARN_UNINITIALIZED_AUTOS = YES_AGGRESSIVE;
				GCC_WARN_UNUSED_FUNCTION = YES;
				GCC_WARN_UNUSED_VARIABLE = YES;
				IPHONEOS_DEPLOYMENT_TARGET = 12.2;
				MTL_ENABLE_DEBUG_INFO = NO;
				MTL_FAST_MATH = YES;
				SDKROOT = iphoneos;
				SWIFT_COMPILATION_MODE = wholemodule;
				SWIFT_OPTIMIZATION_LEVEL = "-O";
				VALIDATE_PRODUCT = YES;
			};
			name = Release;
		};
		8F74564F22E1B051003B9C1D /* Debug */ = {
			isa = XCBuildConfiguration;
			baseConfigurationReference = 984D26E540D2C3B37C439E9A /* Pods-Atter.debug.xcconfig */;
			buildSettings = {
				ASSETCATALOG_COMPILER_APPICON_NAME = AppIcon;
				CODE_SIGN_STYLE = Automatic;
				DEVELOPMENT_TEAM = WB5LCV9PU6;
				FRAMEWORK_SEARCH_PATHS = (
					"$(inherited)",
					"$(PROJECT_DIR)/atter-logic/atter-logic/build/xcode-frameworks",
				);
				INFOPLIST_FILE = "$(SRCROOT)/Atter/Supporting Files/Info.plist";
				IPHONEOS_DEPLOYMENT_TARGET = 12.0;
				LD_RUNPATH_SEARCH_PATHS = (
					"$(inherited)",
					"@executable_path/Frameworks",
				);
				PRODUCT_BUNDLE_IDENTIFIER = pl.patrykmieszala.Atter;
				PRODUCT_NAME = "$(TARGET_NAME)";
				SWIFT_VERSION = 5.0;
				TARGETED_DEVICE_FAMILY = "1,2";
			};
			name = Debug;
		};
		8F74565022E1B051003B9C1D /* Release */ = {
			isa = XCBuildConfiguration;
			baseConfigurationReference = 7D02AB8ECD98F92E430A8B34 /* Pods-Atter.release.xcconfig */;
			buildSettings = {
				ASSETCATALOG_COMPILER_APPICON_NAME = AppIcon;
				CODE_SIGN_STYLE = Automatic;
				DEVELOPMENT_TEAM = WB5LCV9PU6;
				FRAMEWORK_SEARCH_PATHS = (
					"$(inherited)",
					"$(PROJECT_DIR)/atter-logic/atter-logic/build/xcode-frameworks",
				);
				INFOPLIST_FILE = "$(SRCROOT)/Atter/Supporting Files/Info.plist";
				IPHONEOS_DEPLOYMENT_TARGET = 12.0;
				LD_RUNPATH_SEARCH_PATHS = (
					"$(inherited)",
					"@executable_path/Frameworks",
				);
				PRODUCT_BUNDLE_IDENTIFIER = pl.patrykmieszala.Atter;
				PRODUCT_NAME = "$(TARGET_NAME)";
				SWIFT_VERSION = 5.0;
				TARGETED_DEVICE_FAMILY = "1,2";
			};
			name = Release;
		};
/* End XCBuildConfiguration section */

/* Begin XCConfigurationList section */
		8F74563722E1B050003B9C1D /* Build configuration list for PBXProject "Atter" */ = {
			isa = XCConfigurationList;
			buildConfigurations = (
				8F74564C22E1B051003B9C1D /* Debug */,
				8F74564D22E1B051003B9C1D /* Release */,
			);
			defaultConfigurationIsVisible = 0;
			defaultConfigurationName = Release;
		};
		8F74564E22E1B051003B9C1D /* Build configuration list for PBXNativeTarget "Atter" */ = {
			isa = XCConfigurationList;
			buildConfigurations = (
				8F74564F22E1B051003B9C1D /* Debug */,
				8F74565022E1B051003B9C1D /* Release */,
			);
			defaultConfigurationIsVisible = 0;
			defaultConfigurationName = Release;
		};
/* End XCConfigurationList section */
	};
	rootObject = 8F74563422E1B050003B9C1D /* Project object */;
}
